// !$*UTF8*$!
{
	archiveVersion = 1;
	classes = {
	};
	objectVersion = 56;
	objects = {

/* Begin PBXBuildFile section */
		84F394B029F6E7BD009125CB /* RecipesApp.swift in Sources */ = {isa = PBXBuildFile; fileRef = 84F394AF29F6E7BD009125CB /* RecipesApp.swift */; };
		84F394B229F6E7BD009125CB /* ContentView.swift in Sources */ = {isa = PBXBuildFile; fileRef = 84F394B129F6E7BD009125CB /* ContentView.swift */; };
		84F394B429F6E7BE009125CB /* Assets.xcassets in Resources */ = {isa = PBXBuildFile; fileRef = 84F394B329F6E7BE009125CB /* Assets.xcassets */; };
		84F394B729F6E7BE009125CB /* Preview Assets.xcassets in Resources */ = {isa = PBXBuildFile; fileRef = 84F394B629F6E7BE009125CB /* Preview Assets.xcassets */; };
		84F394C129F6E7BE009125CB /* RecipesTests.swift in Sources */ = {isa = PBXBuildFile; fileRef = 84F394C029F6E7BE009125CB /* RecipesTests.swift */; };
		84F394CB29F6E7BE009125CB /* RecipesUITests.swift in Sources */ = {isa = PBXBuildFile; fileRef = 84F394CA29F6E7BE009125CB /* RecipesUITests.swift */; };
		84F394CD29F6E7BE009125CB /* RecipesUITestsLaunchTests.swift in Sources */ = {isa = PBXBuildFile; fileRef = 84F394CC29F6E7BE009125CB /* RecipesUITestsLaunchTests.swift */; };
		84F394F329F6F29C009125CB /* VegetableDumplings-thumb.jpg in Resources */ = {isa = PBXBuildFile; fileRef = 84F394DA29F6F29C009125CB /* VegetableDumplings-thumb.jpg */; };
		84F394F429F6F29C009125CB /* VegetableDumplings-small.jpg in Resources */ = {isa = PBXBuildFile; fileRef = 84F394DB29F6F29C009125CB /* VegetableDumplings-small.jpg */; };
		84F394F529F6F29C009125CB /* MushroomTapioca.jpg in Resources */ = {isa = PBXBuildFile; fileRef = 84F394DC29F6F29C009125CB /* MushroomTapioca.jpg */; };
		84F394F629F6F29C009125CB /* ChickpeaCurry.jpg in Resources */ = {isa = PBXBuildFile; fileRef = 84F394DD29F6F29C009125CB /* ChickpeaCurry.jpg */; };
		84F394F729F6F29C009125CB /* PassionfruitMangoSorbet.jpg in Resources */ = {isa = PBXBuildFile; fileRef = 84F394DE29F6F29C009125CB /* PassionfruitMangoSorbet.jpg */; };
		84F394F829F6F29C009125CB /* VegetableDumplings.jpg in Resources */ = {isa = PBXBuildFile; fileRef = 84F394DF29F6F29C009125CB /* VegetableDumplings.jpg */; };
		84F394F929F6F29C009125CB /* MushroomTapioca-thumb.jpg in Resources */ = {isa = PBXBuildFile; fileRef = 84F394E029F6F29C009125CB /* MushroomTapioca-thumb.jpg */; };
		84F394FA29F6F29C009125CB /* PeanutButterTruffles-thumb.jpg in Resources */ = {isa = PBXBuildFile; fileRef = 84F394E129F6F29C009125CB /* PeanutButterTruffles-thumb.jpg */; };
		84F394FB29F6F29C009125CB /* PeanutButterTruffles-small.jpg in Resources */ = {isa = PBXBuildFile; fileRef = 84F394E229F6F29C009125CB /* PeanutButterTruffles-small.jpg */; };
		84F394FC29F6F29C009125CB /* MushroomTapioca-small.jpg in Resources */ = {isa = PBXBuildFile; fileRef = 84F394E329F6F29C009125CB /* MushroomTapioca-small.jpg */; };
		84F394FD29F6F29C009125CB /* PassionfruitMangoSorbet-thumb.jpg in Resources */ = {isa = PBXBuildFile; fileRef = 84F394E429F6F29C009125CB /* PassionfruitMangoSorbet-thumb.jpg */; };
		84F394FE29F6F29C009125CB /* PassionfruitMangoSorbet-small.jpg in Resources */ = {isa = PBXBuildFile; fileRef = 84F394E529F6F29C009125CB /* PassionfruitMangoSorbet-small.jpg */; };
		84F394FF29F6F29C009125CB /* ThreeBeanSalad-small.jpg in Resources */ = {isa = PBXBuildFile; fileRef = 84F394E629F6F29C009125CB /* ThreeBeanSalad-small.jpg */; };
		84F3950029F6F29C009125CB /* PeanutButterTruffles.jpg in Resources */ = {isa = PBXBuildFile; fileRef = 84F394E729F6F29C009125CB /* PeanutButterTruffles.jpg */; };
		84F3950129F6F29C009125CB /* ThreeBeanSalad-thumb.jpg in Resources */ = {isa = PBXBuildFile; fileRef = 84F394E829F6F29C009125CB /* ThreeBeanSalad-thumb.jpg */; };
		84F3950229F6F29C009125CB /* ChickpeaCurry-small.jpg in Resources */ = {isa = PBXBuildFile; fileRef = 84F394E929F6F29C009125CB /* ChickpeaCurry-small.jpg */; };
		84F3950329F6F29C009125CB /* ChickpeaCurry-thumb.jpg in Resources */ = {isa = PBXBuildFile; fileRef = 84F394EA29F6F29C009125CB /* ChickpeaCurry-thumb.jpg */; };
		84F3950429F6F29C009125CB /* SpicyTomatoSauce-small.jpg in Resources */ = {isa = PBXBuildFile; fileRef = 84F394EB29F6F29C009125CB /* SpicyTomatoSauce-small.jpg */; };
		84F3950529F6F29C009125CB /* SpicyTomatoSauce-thumb.jpg in Resources */ = {isa = PBXBuildFile; fileRef = 84F394EC29F6F29C009125CB /* SpicyTomatoSauce-thumb.jpg */; };
		84F3950629F6F29C009125CB /* ThreeBeanSalad.jpg in Resources */ = {isa = PBXBuildFile; fileRef = 84F394ED29F6F29C009125CB /* ThreeBeanSalad.jpg */; };
		84F3950729F6F29C009125CB /* SpicyTomatoSauce.jpg in Resources */ = {isa = PBXBuildFile; fileRef = 84F394EE29F6F29C009125CB /* SpicyTomatoSauce.jpg */; };
		84F3950829F6F29C009125CB /* recipeData.json in Resources */ = {isa = PBXBuildFile; fileRef = 84F394EF29F6F29C009125CB /* recipeData.json */; };
		84F3950929F6F29C009125CB /* AppleCake-thumb.jpg in Resources */ = {isa = PBXBuildFile; fileRef = 84F394F029F6F29C009125CB /* AppleCake-thumb.jpg */; };
		84F3950A29F6F29C009125CB /* AppleCake.jpg in Resources */ = {isa = PBXBuildFile; fileRef = 84F394F129F6F29C009125CB /* AppleCake.jpg */; };
		84F3950B29F6F29C009125CB /* AppleCake-small.jpg in Resources */ = {isa = PBXBuildFile; fileRef = 84F394F229F6F29C009125CB /* AppleCake-small.jpg */; };
		84F3950E29F6F2FE009125CB /* Recipe.swift in Sources */ = {isa = PBXBuildFile; fileRef = 84F3950D29F6F2FE009125CB /* Recipe.swift */; };
		84F3951029F70D00009125CB /* ModelHelpers.swift in Sources */ = {isa = PBXBuildFile; fileRef = 84F3950F29F70D00009125CB /* ModelHelpers.swift */; };
		84F3951229F70F3E009125CB /* RecipeBox.swift in Sources */ = {isa = PBXBuildFile; fileRef = 84F3951129F70F3E009125CB /* RecipeBox.swift */; };
		84F3951629F7119F009125CB /* SidebarView.swift in Sources */ = {isa = PBXBuildFile; fileRef = 84F3951529F7119F009125CB /* SidebarView.swift */; };
		84F3951929F834EC009125CB /* RecipeListItemView.swift in Sources */ = {isa = PBXBuildFile; fileRef = 84F3951829F834EC009125CB /* RecipeListItemView.swift */; };
		84F3951B29F83E29009125CB /* RecipeListView.swift in Sources */ = {isa = PBXBuildFile; fileRef = 84F3951A29F83E29009125CB /* RecipeListView.swift */; };
		84F3951D29F84B78009125CB /* ContentListview.swift in Sources */ = {isa = PBXBuildFile; fileRef = 84F3951C29F84B78009125CB /* ContentListview.swift */; };
		84F3951F29F9C013009125CB /* DetailView.swift in Sources */ = {isa = PBXBuildFile; fileRef = 84F3951E29F9C013009125CB /* DetailView.swift */; };
		84F3952229FAF30F009125CB /* RecipeNotSelectedView.swift in Sources */ = {isa = PBXBuildFile; fileRef = 84F3952129FAF30F009125CB /* RecipeNotSelectedView.swift */; };
		84F3952429FAF334009125CB /* RecipeIngredientsView.swift in Sources */ = {isa = PBXBuildFile; fileRef = 84F3952329FAF334009125CB /* RecipeIngredientsView.swift */; };
		84F3952629FAF424009125CB /* RecipeDirectionsView.swift in Sources */ = {isa = PBXBuildFile; fileRef = 84F3952529FAF424009125CB /* RecipeDirectionsView.swift */; };
		84F3952829FAF4CD009125CB /* RecipeDetailView.swift in Sources */ = {isa = PBXBuildFile; fileRef = 84F3952729FAF4CD009125CB /* RecipeDetailView.swift */; };
		84F3952B29FAF66D009125CB /* RegularTitleView.swift in Sources */ = {isa = PBXBuildFile; fileRef = 84F3952A29FAF66D009125CB /* RegularTitleView.swift */; };
		84F3952E29FAF796009125CB /* StarRating.swift in Sources */ = {isa = PBXBuildFile; fileRef = 84F3952D29FAF796009125CB /* StarRating.swift */; };
		84F3953029FAFA37009125CB /* TitleView.swift in Sources */ = {isa = PBXBuildFile; fileRef = 84F3952F29FAFA37009125CB /* TitleView.swift */; };
		84F3953229FAFDFD009125CB /* CompactTitleView.swift in Sources */ = {isa = PBXBuildFile; fileRef = 84F3953129FAFDFD009125CB /* CompactTitleView.swift */; };
		84F3953429FB00FA009125CB /* RecipeDetailToolbar.swift in Sources */ = {isa = PBXBuildFile; fileRef = 84F3953329FB00FA009125CB /* RecipeDetailToolbar.swift */; };
/* End PBXBuildFile section */

/* Begin PBXContainerItemProxy section */
		84F394BD29F6E7BE009125CB /* PBXContainerItemProxy */ = {
			isa = PBXContainerItemProxy;
			containerPortal = 84F394A429F6E7BD009125CB /* Project object */;
			proxyType = 1;
			remoteGlobalIDString = 84F394AB29F6E7BD009125CB;
			remoteInfo = Recipes;
		};
		84F394C729F6E7BE009125CB /* PBXContainerItemProxy */ = {
			isa = PBXContainerItemProxy;
			containerPortal = 84F394A429F6E7BD009125CB /* Project object */;
			proxyType = 1;
			remoteGlobalIDString = 84F394AB29F6E7BD009125CB;
			remoteInfo = Recipes;
		};
/* End PBXContainerItemProxy section */

/* Begin PBXFileReference section */
		84F394AC29F6E7BD009125CB /* Recipes.app */ = {isa = PBXFileReference; explicitFileType = wrapper.application; includeInIndex = 0; path = Recipes.app; sourceTree = BUILT_PRODUCTS_DIR; };
		84F394AF29F6E7BD009125CB /* RecipesApp.swift */ = {isa = PBXFileReference; lastKnownFileType = sourcecode.swift; path = RecipesApp.swift; sourceTree = "<group>"; };
		84F394B129F6E7BD009125CB /* ContentView.swift */ = {isa = PBXFileReference; lastKnownFileType = sourcecode.swift; path = ContentView.swift; sourceTree = "<group>"; };
		84F394B329F6E7BE009125CB /* Assets.xcassets */ = {isa = PBXFileReference; lastKnownFileType = folder.assetcatalog; path = Assets.xcassets; sourceTree = "<group>"; };
		84F394B629F6E7BE009125CB /* Preview Assets.xcassets */ = {isa = PBXFileReference; lastKnownFileType = folder.assetcatalog; path = "Preview Assets.xcassets"; sourceTree = "<group>"; };
		84F394BC29F6E7BE009125CB /* RecipesTests.xctest */ = {isa = PBXFileReference; explicitFileType = wrapper.cfbundle; includeInIndex = 0; path = RecipesTests.xctest; sourceTree = BUILT_PRODUCTS_DIR; };
		84F394C029F6E7BE009125CB /* RecipesTests.swift */ = {isa = PBXFileReference; lastKnownFileType = sourcecode.swift; path = RecipesTests.swift; sourceTree = "<group>"; };
		84F394C629F6E7BE009125CB /* RecipesUITests.xctest */ = {isa = PBXFileReference; explicitFileType = wrapper.cfbundle; includeInIndex = 0; path = RecipesUITests.xctest; sourceTree = BUILT_PRODUCTS_DIR; };
		84F394CA29F6E7BE009125CB /* RecipesUITests.swift */ = {isa = PBXFileReference; lastKnownFileType = sourcecode.swift; path = RecipesUITests.swift; sourceTree = "<group>"; };
		84F394CC29F6E7BE009125CB /* RecipesUITestsLaunchTests.swift */ = {isa = PBXFileReference; lastKnownFileType = sourcecode.swift; path = RecipesUITestsLaunchTests.swift; sourceTree = "<group>"; };
		84F394DA29F6F29C009125CB /* VegetableDumplings-thumb.jpg */ = {isa = PBXFileReference; lastKnownFileType = image.jpeg; path = "VegetableDumplings-thumb.jpg"; sourceTree = "<group>"; };
		84F394DB29F6F29C009125CB /* VegetableDumplings-small.jpg */ = {isa = PBXFileReference; lastKnownFileType = image.jpeg; path = "VegetableDumplings-small.jpg"; sourceTree = "<group>"; };
		84F394DC29F6F29C009125CB /* MushroomTapioca.jpg */ = {isa = PBXFileReference; lastKnownFileType = image.jpeg; path = MushroomTapioca.jpg; sourceTree = "<group>"; };
		84F394DD29F6F29C009125CB /* ChickpeaCurry.jpg */ = {isa = PBXFileReference; lastKnownFileType = image.jpeg; path = ChickpeaCurry.jpg; sourceTree = "<group>"; };
		84F394DE29F6F29C009125CB /* PassionfruitMangoSorbet.jpg */ = {isa = PBXFileReference; lastKnownFileType = image.jpeg; path = PassionfruitMangoSorbet.jpg; sourceTree = "<group>"; };
		84F394DF29F6F29C009125CB /* VegetableDumplings.jpg */ = {isa = PBXFileReference; lastKnownFileType = image.jpeg; path = VegetableDumplings.jpg; sourceTree = "<group>"; };
		84F394E029F6F29C009125CB /* MushroomTapioca-thumb.jpg */ = {isa = PBXFileReference; lastKnownFileType = image.jpeg; path = "MushroomTapioca-thumb.jpg"; sourceTree = "<group>"; };
		84F394E129F6F29C009125CB /* PeanutButterTruffles-thumb.jpg */ = {isa = PBXFileReference; lastKnownFileType = image.jpeg; path = "PeanutButterTruffles-thumb.jpg"; sourceTree = "<group>"; };
		84F394E229F6F29C009125CB /* PeanutButterTruffles-small.jpg */ = {isa = PBXFileReference; lastKnownFileType = image.jpeg; path = "PeanutButterTruffles-small.jpg"; sourceTree = "<group>"; };
		84F394E329F6F29C009125CB /* MushroomTapioca-small.jpg */ = {isa = PBXFileReference; lastKnownFileType = image.jpeg; path = "MushroomTapioca-small.jpg"; sourceTree = "<group>"; };
		84F394E429F6F29C009125CB /* PassionfruitMangoSorbet-thumb.jpg */ = {isa = PBXFileReference; lastKnownFileType = image.jpeg; path = "PassionfruitMangoSorbet-thumb.jpg"; sourceTree = "<group>"; };
		84F394E529F6F29C009125CB /* PassionfruitMangoSorbet-small.jpg */ = {isa = PBXFileReference; lastKnownFileType = image.jpeg; path = "PassionfruitMangoSorbet-small.jpg"; sourceTree = "<group>"; };
		84F394E629F6F29C009125CB /* ThreeBeanSalad-small.jpg */ = {isa = PBXFileReference; lastKnownFileType = image.jpeg; path = "ThreeBeanSalad-small.jpg"; sourceTree = "<group>"; };
		84F394E729F6F29C009125CB /* PeanutButterTruffles.jpg */ = {isa = PBXFileReference; lastKnownFileType = image.jpeg; path = PeanutButterTruffles.jpg; sourceTree = "<group>"; };
		84F394E829F6F29C009125CB /* ThreeBeanSalad-thumb.jpg */ = {isa = PBXFileReference; lastKnownFileType = image.jpeg; path = "ThreeBeanSalad-thumb.jpg"; sourceTree = "<group>"; };
		84F394E929F6F29C009125CB /* ChickpeaCurry-small.jpg */ = {isa = PBXFileReference; lastKnownFileType = image.jpeg; path = "ChickpeaCurry-small.jpg"; sourceTree = "<group>"; };
		84F394EA29F6F29C009125CB /* ChickpeaCurry-thumb.jpg */ = {isa = PBXFileReference; lastKnownFileType = image.jpeg; path = "ChickpeaCurry-thumb.jpg"; sourceTree = "<group>"; };
		84F394EB29F6F29C009125CB /* SpicyTomatoSauce-small.jpg */ = {isa = PBXFileReference; lastKnownFileType = image.jpeg; path = "SpicyTomatoSauce-small.jpg"; sourceTree = "<group>"; };
		84F394EC29F6F29C009125CB /* SpicyTomatoSauce-thumb.jpg */ = {isa = PBXFileReference; lastKnownFileType = image.jpeg; path = "SpicyTomatoSauce-thumb.jpg"; sourceTree = "<group>"; };
		84F394ED29F6F29C009125CB /* ThreeBeanSalad.jpg */ = {isa = PBXFileReference; lastKnownFileType = image.jpeg; path = ThreeBeanSalad.jpg; sourceTree = "<group>"; };
		84F394EE29F6F29C009125CB /* SpicyTomatoSauce.jpg */ = {isa = PBXFileReference; lastKnownFileType = image.jpeg; path = SpicyTomatoSauce.jpg; sourceTree = "<group>"; };
		84F394EF29F6F29C009125CB /* recipeData.json */ = {isa = PBXFileReference; fileEncoding = 4; lastKnownFileType = text.json; path = recipeData.json; sourceTree = "<group>"; };
		84F394F029F6F29C009125CB /* AppleCake-thumb.jpg */ = {isa = PBXFileReference; lastKnownFileType = image.jpeg; path = "AppleCake-thumb.jpg"; sourceTree = "<group>"; };
		84F394F129F6F29C009125CB /* AppleCake.jpg */ = {isa = PBXFileReference; lastKnownFileType = image.jpeg; path = AppleCake.jpg; sourceTree = "<group>"; };
		84F394F229F6F29C009125CB /* AppleCake-small.jpg */ = {isa = PBXFileReference; lastKnownFileType = image.jpeg; path = "AppleCake-small.jpg"; sourceTree = "<group>"; };
		84F3950D29F6F2FE009125CB /* Recipe.swift */ = {isa = PBXFileReference; lastKnownFileType = sourcecode.swift; path = Recipe.swift; sourceTree = "<group>"; };
		84F3950F29F70D00009125CB /* ModelHelpers.swift */ = {isa = PBXFileReference; lastKnownFileType = sourcecode.swift; path = ModelHelpers.swift; sourceTree = "<group>"; };
		84F3951129F70F3E009125CB /* RecipeBox.swift */ = {isa = PBXFileReference; lastKnownFileType = sourcecode.swift; path = RecipeBox.swift; sourceTree = "<group>"; };
		84F3951529F7119F009125CB /* SidebarView.swift */ = {isa = PBXFileReference; lastKnownFileType = sourcecode.swift; path = SidebarView.swift; sourceTree = "<group>"; };
		84F3951829F834EC009125CB /* RecipeListItemView.swift */ = {isa = PBXFileReference; lastKnownFileType = sourcecode.swift; path = RecipeListItemView.swift; sourceTree = "<group>"; };
		84F3951A29F83E29009125CB /* RecipeListView.swift */ = {isa = PBXFileReference; lastKnownFileType = sourcecode.swift; path = RecipeListView.swift; sourceTree = "<group>"; };
		84F3951C29F84B78009125CB /* ContentListview.swift */ = {isa = PBXFileReference; lastKnownFileType = sourcecode.swift; path = ContentListview.swift; sourceTree = "<group>"; };
		84F3951E29F9C013009125CB /* DetailView.swift */ = {isa = PBXFileReference; lastKnownFileType = sourcecode.swift; path = DetailView.swift; sourceTree = "<group>"; };
		84F3952129FAF30F009125CB /* RecipeNotSelectedView.swift */ = {isa = PBXFileReference; lastKnownFileType = sourcecode.swift; path = RecipeNotSelectedView.swift; sourceTree = "<group>"; };
		84F3952329FAF334009125CB /* RecipeIngredientsView.swift */ = {isa = PBXFileReference; lastKnownFileType = sourcecode.swift; path = RecipeIngredientsView.swift; sourceTree = "<group>"; };
		84F3952529FAF424009125CB /* RecipeDirectionsView.swift */ = {isa = PBXFileReference; lastKnownFileType = sourcecode.swift; path = RecipeDirectionsView.swift; sourceTree = "<group>"; };
		84F3952729FAF4CD009125CB /* RecipeDetailView.swift */ = {isa = PBXFileReference; lastKnownFileType = sourcecode.swift; path = RecipeDetailView.swift; sourceTree = "<group>"; };
		84F3952A29FAF66D009125CB /* RegularTitleView.swift */ = {isa = PBXFileReference; lastKnownFileType = sourcecode.swift; path = RegularTitleView.swift; sourceTree = "<group>"; };
		84F3952D29FAF796009125CB /* StarRating.swift */ = {isa = PBXFileReference; lastKnownFileType = sourcecode.swift; path = StarRating.swift; sourceTree = "<group>"; };
		84F3952F29FAFA37009125CB /* TitleView.swift */ = {isa = PBXFileReference; lastKnownFileType = sourcecode.swift; path = TitleView.swift; sourceTree = "<group>"; };
		84F3953129FAFDFD009125CB /* CompactTitleView.swift */ = {isa = PBXFileReference; lastKnownFileType = sourcecode.swift; path = CompactTitleView.swift; sourceTree = "<group>"; };
		84F3953329FB00FA009125CB /* RecipeDetailToolbar.swift */ = {isa = PBXFileReference; lastKnownFileType = sourcecode.swift; path = RecipeDetailToolbar.swift; sourceTree = "<group>"; };
/* End PBXFileReference section */

/* Begin PBXFrameworksBuildPhase section */
		84F394A929F6E7BD009125CB /* Frameworks */ = {
			isa = PBXFrameworksBuildPhase;
			buildActionMask = 2147483647;
			files = (
			);
			runOnlyForDeploymentPostprocessing = 0;
		};
		84F394B929F6E7BE009125CB /* Frameworks */ = {
			isa = PBXFrameworksBuildPhase;
			buildActionMask = 2147483647;
			files = (
			);
			runOnlyForDeploymentPostprocessing = 0;
		};
		84F394C329F6E7BE009125CB /* Frameworks */ = {
			isa = PBXFrameworksBuildPhase;
			buildActionMask = 2147483647;
			files = (
			);
			runOnlyForDeploymentPostprocessing = 0;
		};
/* End PBXFrameworksBuildPhase section */

/* Begin PBXGroup section */
		84F394A329F6E7BD009125CB = {
			isa = PBXGroup;
			children = (
				84F394AE29F6E7BD009125CB /* Recipes */,
				84F394BF29F6E7BE009125CB /* RecipesTests */,
				84F394C929F6E7BE009125CB /* RecipesUITests */,
				84F394AD29F6E7BD009125CB /* Products */,
			);
			sourceTree = "<group>";
		};
		84F394AD29F6E7BD009125CB /* Products */ = {
			isa = PBXGroup;
			children = (
				84F394AC29F6E7BD009125CB /* Recipes.app */,
				84F394BC29F6E7BE009125CB /* RecipesTests.xctest */,
				84F394C629F6E7BE009125CB /* RecipesUITests.xctest */,
			);
			name = Products;
			sourceTree = "<group>";
		};
		84F394AE29F6E7BD009125CB /* Recipes */ = {
			isa = PBXGroup;
			children = (
				84F394AF29F6E7BD009125CB /* RecipesApp.swift */,
				84F394B129F6E7BD009125CB /* ContentView.swift */,
				84F3950C29F6F2CB009125CB /* Models */,
				84F3951329F71159009125CB /* Views */,
				84F394D929F6F29C009125CB /* Resources */,
				84F394B329F6E7BE009125CB /* Assets.xcassets */,
				84F394B529F6E7BE009125CB /* Preview Content */,
			);
			path = Recipes;
			sourceTree = "<group>";
		};
		84F394B529F6E7BE009125CB /* Preview Content */ = {
			isa = PBXGroup;
			children = (
				84F394B629F6E7BE009125CB /* Preview Assets.xcassets */,
			);
			path = "Preview Content";
			sourceTree = "<group>";
		};
		84F394BF29F6E7BE009125CB /* RecipesTests */ = {
			isa = PBXGroup;
			children = (
				84F394C029F6E7BE009125CB /* RecipesTests.swift */,
			);
			path = RecipesTests;
			sourceTree = "<group>";
		};
		84F394C929F6E7BE009125CB /* RecipesUITests */ = {
			isa = PBXGroup;
			children = (
				84F394CA29F6E7BE009125CB /* RecipesUITests.swift */,
				84F394CC29F6E7BE009125CB /* RecipesUITestsLaunchTests.swift */,
			);
			path = RecipesUITests;
			sourceTree = "<group>";
		};
		84F394D929F6F29C009125CB /* Resources */ = {
			isa = PBXGroup;
			children = (
				84F394EF29F6F29C009125CB /* recipeData.json */,
				84F394F229F6F29C009125CB /* AppleCake-small.jpg */,
				84F394F029F6F29C009125CB /* AppleCake-thumb.jpg */,
				84F394F129F6F29C009125CB /* AppleCake.jpg */,
				84F394E929F6F29C009125CB /* ChickpeaCurry-small.jpg */,
				84F394EA29F6F29C009125CB /* ChickpeaCurry-thumb.jpg */,
				84F394DD29F6F29C009125CB /* ChickpeaCurry.jpg */,
				84F394E329F6F29C009125CB /* MushroomTapioca-small.jpg */,
				84F394E029F6F29C009125CB /* MushroomTapioca-thumb.jpg */,
				84F394DC29F6F29C009125CB /* MushroomTapioca.jpg */,
				84F394E529F6F29C009125CB /* PassionfruitMangoSorbet-small.jpg */,
				84F394E429F6F29C009125CB /* PassionfruitMangoSorbet-thumb.jpg */,
				84F394DE29F6F29C009125CB /* PassionfruitMangoSorbet.jpg */,
				84F394E229F6F29C009125CB /* PeanutButterTruffles-small.jpg */,
				84F394E129F6F29C009125CB /* PeanutButterTruffles-thumb.jpg */,
				84F394E729F6F29C009125CB /* PeanutButterTruffles.jpg */,
				84F394EB29F6F29C009125CB /* SpicyTomatoSauce-small.jpg */,
				84F394EC29F6F29C009125CB /* SpicyTomatoSauce-thumb.jpg */,
				84F394EE29F6F29C009125CB /* SpicyTomatoSauce.jpg */,
				84F394E629F6F29C009125CB /* ThreeBeanSalad-small.jpg */,
				84F394E829F6F29C009125CB /* ThreeBeanSalad-thumb.jpg */,
				84F394ED29F6F29C009125CB /* ThreeBeanSalad.jpg */,
				84F394DB29F6F29C009125CB /* VegetableDumplings-small.jpg */,
				84F394DA29F6F29C009125CB /* VegetableDumplings-thumb.jpg */,
				84F394DF29F6F29C009125CB /* VegetableDumplings.jpg */,
			);
			path = Resources;
			sourceTree = "<group>";
		};
		84F3950C29F6F2CB009125CB /* Models */ = {
			isa = PBXGroup;
			children = (
				84F3950F29F70D00009125CB /* ModelHelpers.swift */,
				84F3950D29F6F2FE009125CB /* Recipe.swift */,
				84F3951129F70F3E009125CB /* RecipeBox.swift */,
			);
			path = Models;
			sourceTree = "<group>";
		};
		84F3951329F71159009125CB /* Views */ = {
			isa = PBXGroup;
			children = (
				84F3951429F71168009125CB /* Navigation */,
				84F3951729F834B9009125CB /* RecipeContentListViews */,
				84F3952029FAF2E6009125CB /* RecipeDetailViews */,
				84F3952C29FAF776009125CB /* CustomControls */,
				84F3952929FAF649009125CB /* TitleViews */,
			);
			path = Views;
			sourceTree = "<group>";
		};
		84F3951429F71168009125CB /* Navigation */ = {
			isa = PBXGroup;
			children = (
				84F3951529F7119F009125CB /* SidebarView.swift */,
				84F3951C29F84B78009125CB /* ContentListview.swift */,
				84F3951E29F9C013009125CB /* DetailView.swift */,
			);
			path = Navigation;
			sourceTree = "<group>";
		};
		84F3951729F834B9009125CB /* RecipeContentListViews */ = {
			isa = PBXGroup;
			children = (
				84F3951829F834EC009125CB /* RecipeListItemView.swift */,
				84F3951A29F83E29009125CB /* RecipeListView.swift */,
			);
			path = RecipeContentListViews;
			sourceTree = "<group>";
		};
		84F3952029FAF2E6009125CB /* RecipeDetailViews */ = {
			isa = PBXGroup;
			children = (
				84F3952129FAF30F009125CB /* RecipeNotSelectedView.swift */,
				84F3952329FAF334009125CB /* RecipeIngredientsView.swift */,
				84F3952529FAF424009125CB /* RecipeDirectionsView.swift */,
				84F3953329FB00FA009125CB /* RecipeDetailToolbar.swift */,
				84F3952729FAF4CD009125CB /* RecipeDetailView.swift */,
			);
			path = RecipeDetailViews;
			sourceTree = "<group>";
		};
		84F3952929FAF649009125CB /* TitleViews */ = {
			isa = PBXGroup;
			children = (
				84F3952A29FAF66D009125CB /* RegularTitleView.swift */,
				84F3953129FAFDFD009125CB /* CompactTitleView.swift */,
				84F3952F29FAFA37009125CB /* TitleView.swift */,
			);
			path = TitleViews;
			sourceTree = "<group>";
		};
		84F3952C29FAF776009125CB /* CustomControls */ = {
			isa = PBXGroup;
			children = (
				84F3952D29FAF796009125CB /* StarRating.swift */,
			);
			path = CustomControls;
			sourceTree = "<group>";
		};
/* End PBXGroup section */

/* Begin PBXNativeTarget section */
		84F394AB29F6E7BD009125CB /* Recipes */ = {
			isa = PBXNativeTarget;
			buildConfigurationList = 84F394D029F6E7BE009125CB /* Build configuration list for PBXNativeTarget "Recipes" */;
			buildPhases = (
				84F394A829F6E7BD009125CB /* Sources */,
				84F394A929F6E7BD009125CB /* Frameworks */,
				84F394AA29F6E7BD009125CB /* Resources */,
			);
			buildRules = (
			);
			dependencies = (
			);
			name = Recipes;
			productName = Recipes;
			productReference = 84F394AC29F6E7BD009125CB /* Recipes.app */;
			productType = "com.apple.product-type.application";
		};
		84F394BB29F6E7BE009125CB /* RecipesTests */ = {
			isa = PBXNativeTarget;
			buildConfigurationList = 84F394D329F6E7BE009125CB /* Build configuration list for PBXNativeTarget "RecipesTests" */;
			buildPhases = (
				84F394B829F6E7BE009125CB /* Sources */,
				84F394B929F6E7BE009125CB /* Frameworks */,
				84F394BA29F6E7BE009125CB /* Resources */,
			);
			buildRules = (
			);
			dependencies = (
				84F394BE29F6E7BE009125CB /* PBXTargetDependency */,
			);
			name = RecipesTests;
			productName = RecipesTests;
			productReference = 84F394BC29F6E7BE009125CB /* RecipesTests.xctest */;
			productType = "com.apple.product-type.bundle.unit-test";
		};
		84F394C529F6E7BE009125CB /* RecipesUITests */ = {
			isa = PBXNativeTarget;
			buildConfigurationList = 84F394D629F6E7BE009125CB /* Build configuration list for PBXNativeTarget "RecipesUITests" */;
			buildPhases = (
				84F394C229F6E7BE009125CB /* Sources */,
				84F394C329F6E7BE009125CB /* Frameworks */,
				84F394C429F6E7BE009125CB /* Resources */,
			);
			buildRules = (
			);
			dependencies = (
				84F394C829F6E7BE009125CB /* PBXTargetDependency */,
			);
			name = RecipesUITests;
			productName = RecipesUITests;
			productReference = 84F394C629F6E7BE009125CB /* RecipesUITests.xctest */;
			productType = "com.apple.product-type.bundle.ui-testing";
		};
/* End PBXNativeTarget section */

/* Begin PBXProject section */
		84F394A429F6E7BD009125CB /* Project object */ = {
			isa = PBXProject;
			attributes = {
				BuildIndependentTargetsInParallel = 1;
				LastSwiftUpdateCheck = 1430;
				LastUpgradeCheck = 1430;
				TargetAttributes = {
					84F394AB29F6E7BD009125CB = {
						CreatedOnToolsVersion = 14.3;
					};
					84F394BB29F6E7BE009125CB = {
						CreatedOnToolsVersion = 14.3;
						TestTargetID = 84F394AB29F6E7BD009125CB;
					};
					84F394C529F6E7BE009125CB = {
						CreatedOnToolsVersion = 14.3;
						TestTargetID = 84F394AB29F6E7BD009125CB;
					};
				};
			};
			buildConfigurationList = 84F394A729F6E7BD009125CB /* Build configuration list for PBXProject "Recipes" */;
			compatibilityVersion = "Xcode 14.0";
			developmentRegion = en;
			hasScannedForEncodings = 0;
			knownRegions = (
				en,
				Base,
			);
			mainGroup = 84F394A329F6E7BD009125CB;
			productRefGroup = 84F394AD29F6E7BD009125CB /* Products */;
			projectDirPath = "";
			projectRoot = "";
			targets = (
				84F394AB29F6E7BD009125CB /* Recipes */,
				84F394BB29F6E7BE009125CB /* RecipesTests */,
				84F394C529F6E7BE009125CB /* RecipesUITests */,
			);
		};
/* End PBXProject section */

/* Begin PBXResourcesBuildPhase section */
		84F394AA29F6E7BD009125CB /* Resources */ = {
			isa = PBXResourcesBuildPhase;
			buildActionMask = 2147483647;
			files = (
				84F3950429F6F29C009125CB /* SpicyTomatoSauce-small.jpg in Resources */,
				84F3950B29F6F29C009125CB /* AppleCake-small.jpg in Resources */,
				84F394FA29F6F29C009125CB /* PeanutButterTruffles-thumb.jpg in Resources */,
				84F3950229F6F29C009125CB /* ChickpeaCurry-small.jpg in Resources */,
				84F394FC29F6F29C009125CB /* MushroomTapioca-small.jpg in Resources */,
				84F394F929F6F29C009125CB /* MushroomTapioca-thumb.jpg in Resources */,
				84F394FF29F6F29C009125CB /* ThreeBeanSalad-small.jpg in Resources */,
				84F3950729F6F29C009125CB /* SpicyTomatoSauce.jpg in Resources */,
				84F394B729F6E7BE009125CB /* Preview Assets.xcassets in Resources */,
				84F3950029F6F29C009125CB /* PeanutButterTruffles.jpg in Resources */,
				84F3950829F6F29C009125CB /* recipeData.json in Resources */,
				84F394F729F6F29C009125CB /* PassionfruitMangoSorbet.jpg in Resources */,
				84F394F629F6F29C009125CB /* ChickpeaCurry.jpg in Resources */,
				84F394FE29F6F29C009125CB /* PassionfruitMangoSorbet-small.jpg in Resources */,
				84F394FB29F6F29C009125CB /* PeanutButterTruffles-small.jpg in Resources */,
				84F394F329F6F29C009125CB /* VegetableDumplings-thumb.jpg in Resources */,
				84F3950929F6F29C009125CB /* AppleCake-thumb.jpg in Resources */,
				84F3950A29F6F29C009125CB /* AppleCake.jpg in Resources */,
				84F394B429F6E7BE009125CB /* Assets.xcassets in Resources */,
				84F3950129F6F29C009125CB /* ThreeBeanSalad-thumb.jpg in Resources */,
				84F394F429F6F29C009125CB /* VegetableDumplings-small.jpg in Resources */,
				84F3950629F6F29C009125CB /* ThreeBeanSalad.jpg in Resources */,
				84F394F529F6F29C009125CB /* MushroomTapioca.jpg in Resources */,
				84F394F829F6F29C009125CB /* VegetableDumplings.jpg in Resources */,
				84F394FD29F6F29C009125CB /* PassionfruitMangoSorbet-thumb.jpg in Resources */,
				84F3950329F6F29C009125CB /* ChickpeaCurry-thumb.jpg in Resources */,
				84F3950529F6F29C009125CB /* SpicyTomatoSauce-thumb.jpg in Resources */,
			);
			runOnlyForDeploymentPostprocessing = 0;
		};
		84F394BA29F6E7BE009125CB /* Resources */ = {
			isa = PBXResourcesBuildPhase;
			buildActionMask = 2147483647;
			files = (
			);
			runOnlyForDeploymentPostprocessing = 0;
		};
		84F394C429F6E7BE009125CB /* Resources */ = {
			isa = PBXResourcesBuildPhase;
			buildActionMask = 2147483647;
			files = (
			);
			runOnlyForDeploymentPostprocessing = 0;
		};
/* End PBXResourcesBuildPhase section */

/* Begin PBXSourcesBuildPhase section */
		84F394A829F6E7BD009125CB /* Sources */ = {
			isa = PBXSourcesBuildPhase;
			buildActionMask = 2147483647;
			files = (
				84F3952229FAF30F009125CB /* RecipeNotSelectedView.swift in Sources */,
				84F3952629FAF424009125CB /* RecipeDirectionsView.swift in Sources */,
				84F3952429FAF334009125CB /* RecipeIngredientsView.swift in Sources */,
				84F3953229FAFDFD009125CB /* CompactTitleView.swift in Sources */,
				84F3951D29F84B78009125CB /* ContentListview.swift in Sources */,
				84F3950E29F6F2FE009125CB /* Recipe.swift in Sources */,
				84F3951929F834EC009125CB /* RecipeListItemView.swift in Sources */,
				84F3952B29FAF66D009125CB /* RegularTitleView.swift in Sources */,
				84F3951F29F9C013009125CB /* DetailView.swift in Sources */,
				84F3952829FAF4CD009125CB /* RecipeDetailView.swift in Sources */,
				84F3951029F70D00009125CB /* ModelHelpers.swift in Sources */,
				84F3952E29FAF796009125CB /* StarRating.swift in Sources */,
				84F394B229F6E7BD009125CB /* ContentView.swift in Sources */,
				84F3953029FAFA37009125CB /* TitleView.swift in Sources */,
				84F394B029F6E7BD009125CB /* RecipesApp.swift in Sources */,
				84F3951229F70F3E009125CB /* RecipeBox.swift in Sources */,
				84F3951B29F83E29009125CB /* RecipeListView.swift in Sources */,
				84F3953429FB00FA009125CB /* RecipeDetailToolbar.swift in Sources */,
				84F3951629F7119F009125CB /* SidebarView.swift in Sources */,
			);
			runOnlyForDeploymentPostprocessing = 0;
		};
		84F394B829F6E7BE009125CB /* Sources */ = {
			isa = PBXSourcesBuildPhase;
			buildActionMask = 2147483647;
			files = (
				84F394C129F6E7BE009125CB /* RecipesTests.swift in Sources */,
			);
			runOnlyForDeploymentPostprocessing = 0;
		};
		84F394C229F6E7BE009125CB /* Sources */ = {
			isa = PBXSourcesBuildPhase;
			buildActionMask = 2147483647;
			files = (
				84F394CD29F6E7BE009125CB /* RecipesUITestsLaunchTests.swift in Sources */,
				84F394CB29F6E7BE009125CB /* RecipesUITests.swift in Sources */,
			);
			runOnlyForDeploymentPostprocessing = 0;
		};
/* End PBXSourcesBuildPhase section */

/* Begin PBXTargetDependency section */
		84F394BE29F6E7BE009125CB /* PBXTargetDependency */ = {
			isa = PBXTargetDependency;
			target = 84F394AB29F6E7BD009125CB /* Recipes */;
			targetProxy = 84F394BD29F6E7BE009125CB /* PBXContainerItemProxy */;
		};
		84F394C829F6E7BE009125CB /* PBXTargetDependency */ = {
			isa = PBXTargetDependency;
			target = 84F394AB29F6E7BD009125CB /* Recipes */;
			targetProxy = 84F394C729F6E7BE009125CB /* PBXContainerItemProxy */;
		};
/* End PBXTargetDependency section */

/* Begin XCBuildConfiguration section */
		84F394CE29F6E7BE009125CB /* Debug */ = {
			isa = XCBuildConfiguration;
			buildSettings = {
				ALWAYS_SEARCH_USER_PATHS = NO;
				CLANG_ANALYZER_NONNULL = YES;
				CLANG_ANALYZER_NUMBER_OBJECT_CONVERSION = YES_AGGRESSIVE;
				CLANG_CXX_LANGUAGE_STANDARD = "gnu++20";
				CLANG_ENABLE_MODULES = YES;
				CLANG_ENABLE_OBJC_ARC = YES;
				CLANG_ENABLE_OBJC_WEAK = YES;
				CLANG_WARN_BLOCK_CAPTURE_AUTORELEASING = YES;
				CLANG_WARN_BOOL_CONVERSION = YES;
				CLANG_WARN_COMMA = YES;
				CLANG_WARN_CONSTANT_CONVERSION = YES;
				CLANG_WARN_DEPRECATED_OBJC_IMPLEMENTATIONS = YES;
				CLANG_WARN_DIRECT_OBJC_ISA_USAGE = YES_ERROR;
				CLANG_WARN_DOCUMENTATION_COMMENTS = YES;
				CLANG_WARN_EMPTY_BODY = YES;
				CLANG_WARN_ENUM_CONVERSION = YES;
				CLANG_WARN_INFINITE_RECURSION = YES;
				CLANG_WARN_INT_CONVERSION = YES;
				CLANG_WARN_NON_LITERAL_NULL_CONVERSION = YES;
				CLANG_WARN_OBJC_IMPLICIT_RETAIN_SELF = YES;
				CLANG_WARN_OBJC_LITERAL_CONVERSION = YES;
				CLANG_WARN_OBJC_ROOT_CLASS = YES_ERROR;
				CLANG_WARN_QUOTED_INCLUDE_IN_FRAMEWORK_HEADER = YES;
				CLANG_WARN_RANGE_LOOP_ANALYSIS = YES;
				CLANG_WARN_STRICT_PROTOTYPES = YES;
				CLANG_WARN_SUSPICIOUS_MOVE = YES;
				CLANG_WARN_UNGUARDED_AVAILABILITY = YES_AGGRESSIVE;
				CLANG_WARN_UNREACHABLE_CODE = YES;
				CLANG_WARN__DUPLICATE_METHOD_MATCH = YES;
				COPY_PHASE_STRIP = NO;
				DEBUG_INFORMATION_FORMAT = dwarf;
				ENABLE_STRICT_OBJC_MSGSEND = YES;
				ENABLE_TESTABILITY = YES;
				GCC_C_LANGUAGE_STANDARD = gnu11;
				GCC_DYNAMIC_NO_PIC = NO;
				GCC_NO_COMMON_BLOCKS = YES;
				GCC_OPTIMIZATION_LEVEL = 0;
				GCC_PREPROCESSOR_DEFINITIONS = (
					"DEBUG=1",
					"$(inherited)",
				);
				GCC_WARN_64_TO_32_BIT_CONVERSION = YES;
				GCC_WARN_ABOUT_RETURN_TYPE = YES_ERROR;
				GCC_WARN_UNDECLARED_SELECTOR = YES;
				GCC_WARN_UNINITIALIZED_AUTOS = YES_AGGRESSIVE;
				GCC_WARN_UNUSED_FUNCTION = YES;
				GCC_WARN_UNUSED_VARIABLE = YES;
				IPHONEOS_DEPLOYMENT_TARGET = 16.4;
				MTL_ENABLE_DEBUG_INFO = INCLUDE_SOURCE;
				MTL_FAST_MATH = YES;
				ONLY_ACTIVE_ARCH = YES;
				SDKROOT = iphoneos;
				SWIFT_ACTIVE_COMPILATION_CONDITIONS = DEBUG;
				SWIFT_OPTIMIZATION_LEVEL = "-Onone";
			};
			name = Debug;
		};
		84F394CF29F6E7BE009125CB /* Release */ = {
			isa = XCBuildConfiguration;
			buildSettings = {
				ALWAYS_SEARCH_USER_PATHS = NO;
				CLANG_ANALYZER_NONNULL = YES;
				CLANG_ANALYZER_NUMBER_OBJECT_CONVERSION = YES_AGGRESSIVE;
				CLANG_CXX_LANGUAGE_STANDARD = "gnu++20";
				CLANG_ENABLE_MODULES = YES;
				CLANG_ENABLE_OBJC_ARC = YES;
				CLANG_ENABLE_OBJC_WEAK = YES;
				CLANG_WARN_BLOCK_CAPTURE_AUTORELEASING = YES;
				CLANG_WARN_BOOL_CONVERSION = YES;
				CLANG_WARN_COMMA = YES;
				CLANG_WARN_CONSTANT_CONVERSION = YES;
				CLANG_WARN_DEPRECATED_OBJC_IMPLEMENTATIONS = YES;
				CLANG_WARN_DIRECT_OBJC_ISA_USAGE = YES_ERROR;
				CLANG_WARN_DOCUMENTATION_COMMENTS = YES;
				CLANG_WARN_EMPTY_BODY = YES;
				CLANG_WARN_ENUM_CONVERSION = YES;
				CLANG_WARN_INFINITE_RECURSION = YES;
				CLANG_WARN_INT_CONVERSION = YES;
				CLANG_WARN_NON_LITERAL_NULL_CONVERSION = YES;
				CLANG_WARN_OBJC_IMPLICIT_RETAIN_SELF = YES;
				CLANG_WARN_OBJC_LITERAL_CONVERSION = YES;
				CLANG_WARN_OBJC_ROOT_CLASS = YES_ERROR;
				CLANG_WARN_QUOTED_INCLUDE_IN_FRAMEWORK_HEADER = YES;
				CLANG_WARN_RANGE_LOOP_ANALYSIS = YES;
				CLANG_WARN_STRICT_PROTOTYPES = YES;
				CLANG_WARN_SUSPICIOUS_MOVE = YES;
				CLANG_WARN_UNGUARDED_AVAILABILITY = YES_AGGRESSIVE;
				CLANG_WARN_UNREACHABLE_CODE = YES;
				CLANG_WARN__DUPLICATE_METHOD_MATCH = YES;
				COPY_PHASE_STRIP = NO;
				DEBUG_INFORMATION_FORMAT = "dwarf-with-dsym";
				ENABLE_NS_ASSERTIONS = NO;
				ENABLE_STRICT_OBJC_MSGSEND = YES;
				GCC_C_LANGUAGE_STANDARD = gnu11;
				GCC_NO_COMMON_BLOCKS = YES;
				GCC_WARN_64_TO_32_BIT_CONVERSION = YES;
				GCC_WARN_ABOUT_RETURN_TYPE = YES_ERROR;
				GCC_WARN_UNDECLARED_SELECTOR = YES;
				GCC_WARN_UNINITIALIZED_AUTOS = YES_AGGRESSIVE;
				GCC_WARN_UNUSED_FUNCTION = YES;
				GCC_WARN_UNUSED_VARIABLE = YES;
				IPHONEOS_DEPLOYMENT_TARGET = 16.4;
				MTL_ENABLE_DEBUG_INFO = NO;
				MTL_FAST_MATH = YES;
				SDKROOT = iphoneos;
				SWIFT_COMPILATION_MODE = wholemodule;
				SWIFT_OPTIMIZATION_LEVEL = "-O";
				VALIDATE_PRODUCT = YES;
			};
			name = Release;
		};
		84F394D129F6E7BE009125CB /* Debug */ = {
			isa = XCBuildConfiguration;
			buildSettings = {
				ASSETCATALOG_COMPILER_APPICON_NAME = AppIcon;
				ASSETCATALOG_COMPILER_GLOBAL_ACCENT_COLOR_NAME = AccentColor;
				CODE_SIGN_STYLE = Automatic;
				CURRENT_PROJECT_VERSION = 1;
				DEVELOPMENT_ASSET_PATHS = "\"Recipes/Preview Content\"";
				ENABLE_PREVIEWS = YES;
				GENERATE_INFOPLIST_FILE = YES;
				INFOPLIST_KEY_UIApplicationSceneManifest_Generation = YES;
				INFOPLIST_KEY_UIApplicationSupportsIndirectInputEvents = YES;
				INFOPLIST_KEY_UILaunchScreen_Generation = YES;
				INFOPLIST_KEY_UISupportedInterfaceOrientations_iPad = "UIInterfaceOrientationPortrait UIInterfaceOrientationPortraitUpsideDown UIInterfaceOrientationLandscapeLeft UIInterfaceOrientationLandscapeRight";
				INFOPLIST_KEY_UISupportedInterfaceOrientations_iPhone = "UIInterfaceOrientationPortrait UIInterfaceOrientationLandscapeLeft UIInterfaceOrientationLandscapeRight";
				LD_RUNPATH_SEARCH_PATHS = (
					"$(inherited)",
					"@executable_path/Frameworks",
				);
				MARKETING_VERSION = 1.0;
				PRODUCT_BUNDLE_IDENTIFIER = me.bytedriver.Recipes;
				PRODUCT_NAME = "$(TARGET_NAME)";
				SWIFT_EMIT_LOC_STRINGS = YES;
				SWIFT_VERSION = 5.0;
				TARGETED_DEVICE_FAMILY = "1,2";
			};
			name = Debug;
		};
		84F394D229F6E7BE009125CB /* Release */ = {
			isa = XCBuildConfiguration;
			buildSettings = {
				ASSETCATALOG_COMPILER_APPICON_NAME = AppIcon;
				ASSETCATALOG_COMPILER_GLOBAL_ACCENT_COLOR_NAME = AccentColor;
				CODE_SIGN_STYLE = Automatic;
				CURRENT_PROJECT_VERSION = 1;
				DEVELOPMENT_ASSET_PATHS = "\"Recipes/Preview Content\"";
				ENABLE_PREVIEWS = YES;
				GENERATE_INFOPLIST_FILE = YES;
				INFOPLIST_KEY_UIApplicationSceneManifest_Generation = YES;
				INFOPLIST_KEY_UIApplicationSupportsIndirectInputEvents = YES;
				INFOPLIST_KEY_UILaunchScreen_Generation = YES;
				INFOPLIST_KEY_UISupportedInterfaceOrientations_iPad = "UIInterfaceOrientationPortrait UIInterfaceOrientationPortraitUpsideDown UIInterfaceOrientationLandscapeLeft UIInterfaceOrientationLandscapeRight";
				INFOPLIST_KEY_UISupportedInterfaceOrientations_iPhone = "UIInterfaceOrientationPortrait UIInterfaceOrientationLandscapeLeft UIInterfaceOrientationLandscapeRight";
				LD_RUNPATH_SEARCH_PATHS = (
					"$(inherited)",
					"@executable_path/Frameworks",
				);
				MARKETING_VERSION = 1.0;
				PRODUCT_BUNDLE_IDENTIFIER = me.bytedriver.Recipes;
				PRODUCT_NAME = "$(TARGET_NAME)";
				SWIFT_EMIT_LOC_STRINGS = YES;
				SWIFT_VERSION = 5.0;
				TARGETED_DEVICE_FAMILY = "1,2";
			};
			name = Release;
		};
		84F394D429F6E7BE009125CB /* Debug */ = {
			isa = XCBuildConfiguration;
			buildSettings = {
				ALWAYS_EMBED_SWIFT_STANDARD_LIBRARIES = YES;
				BUNDLE_LOADER = "$(TEST_HOST)";
				CODE_SIGN_STYLE = Automatic;
				CURRENT_PROJECT_VERSION = 1;
				GENERATE_INFOPLIST_FILE = YES;
				IPHONEOS_DEPLOYMENT_TARGET = 16.4;
				MARKETING_VERSION = 1.0;
				PRODUCT_BUNDLE_IDENTIFIER = me.bytedriver.RecipesTests;
				PRODUCT_NAME = "$(TARGET_NAME)";
				SWIFT_EMIT_LOC_STRINGS = NO;
				SWIFT_VERSION = 5.0;
				TARGETED_DEVICE_FAMILY = "1,2";
				TEST_HOST = "$(BUILT_PRODUCTS_DIR)/Recipes.app/$(BUNDLE_EXECUTABLE_FOLDER_PATH)/Recipes";
			};
			name = Debug;
		};
		84F394D529F6E7BE009125CB /* Release */ = {
			isa = XCBuildConfiguration;
			buildSettings = {
				ALWAYS_EMBED_SWIFT_STANDARD_LIBRARIES = YES;
				BUNDLE_LOADER = "$(TEST_HOST)";
				CODE_SIGN_STYLE = Automatic;
				CURRENT_PROJECT_VERSION = 1;
				GENERATE_INFOPLIST_FILE = YES;
				IPHONEOS_DEPLOYMENT_TARGET = 16.4;
				MARKETING_VERSION = 1.0;
				PRODUCT_BUNDLE_IDENTIFIER = me.bytedriver.RecipesTests;
				PRODUCT_NAME = "$(TARGET_NAME)";
				SWIFT_EMIT_LOC_STRINGS = NO;
				SWIFT_VERSION = 5.0;
				TARGETED_DEVICE_FAMILY = "1,2";
				TEST_HOST = "$(BUILT_PRODUCTS_DIR)/Recipes.app/$(BUNDLE_EXECUTABLE_FOLDER_PATH)/Recipes";
			};
			name = Release;
		};
		84F394D729F6E7BE009125CB /* Debug */ = {
			isa = XCBuildConfiguration;
			buildSettings = {
				ALWAYS_EMBED_SWIFT_STANDARD_LIBRARIES = YES;
				CODE_SIGN_STYLE = Automatic;
				CURRENT_PROJECT_VERSION = 1;
				GENERATE_INFOPLIST_FILE = YES;
				MARKETING_VERSION = 1.0;
				PRODUCT_BUNDLE_IDENTIFIER = me.bytedriver.RecipesUITests;
				PRODUCT_NAME = "$(TARGET_NAME)";
				SWIFT_EMIT_LOC_STRINGS = NO;
				SWIFT_VERSION = 5.0;
				TARGETED_DEVICE_FAMILY = "1,2";
				TEST_TARGET_NAME = Recipes;
			};
			name = Debug;
		};
		84F394D829F6E7BE009125CB /* Release */ = {
			isa = XCBuildConfiguration;
			buildSettings = {
				ALWAYS_EMBED_SWIFT_STANDARD_LIBRARIES = YES;
				CODE_SIGN_STYLE = Automatic;
				CURRENT_PROJECT_VERSION = 1;
				GENERATE_INFOPLIST_FILE = YES;
				MARKETING_VERSION = 1.0;
				PRODUCT_BUNDLE_IDENTIFIER = me.bytedriver.RecipesUITests;
				PRODUCT_NAME = "$(TARGET_NAME)";
				SWIFT_EMIT_LOC_STRINGS = NO;
				SWIFT_VERSION = 5.0;
				TARGETED_DEVICE_FAMILY = "1,2";
				TEST_TARGET_NAME = Recipes;
			};
			name = Release;
		};
/* End XCBuildConfiguration section */

/* Begin XCConfigurationList section */
		84F394A729F6E7BD009125CB /* Build configuration list for PBXProject "Recipes" */ = {
			isa = XCConfigurationList;
			buildConfigurations = (
				84F394CE29F6E7BE009125CB /* Debug */,
				84F394CF29F6E7BE009125CB /* Release */,
			);
			defaultConfigurationIsVisible = 0;
			defaultConfigurationName = Release;
		};
		84F394D029F6E7BE009125CB /* Build configuration list for PBXNativeTarget "Recipes" */ = {
			isa = XCConfigurationList;
			buildConfigurations = (
				84F394D129F6E7BE009125CB /* Debug */,
				84F394D229F6E7BE009125CB /* Release */,
			);
			defaultConfigurationIsVisible = 0;
			defaultConfigurationName = Release;
		};
		84F394D329F6E7BE009125CB /* Build configuration list for PBXNativeTarget "RecipesTests" */ = {
			isa = XCConfigurationList;
			buildConfigurations = (
				84F394D429F6E7BE009125CB /* Debug */,
				84F394D529F6E7BE009125CB /* Release */,
			);
			defaultConfigurationIsVisible = 0;
			defaultConfigurationName = Release;
		};
		84F394D629F6E7BE009125CB /* Build configuration list for PBXNativeTarget "RecipesUITests" */ = {
			isa = XCConfigurationList;
			buildConfigurations = (
				84F394D729F6E7BE009125CB /* Debug */,
				84F394D829F6E7BE009125CB /* Release */,
			);
			defaultConfigurationIsVisible = 0;
			defaultConfigurationName = Release;
		};
/* End XCConfigurationList section */
	};
	rootObject = 84F394A429F6E7BD009125CB /* Project object */;
}
